<Solution>
  <Folder Name="/src/">
    <Project Path="src/Forum.Api/Forum.Api.csproj" />
    <Project Path="src/Forum.Application/Forum.Application.csproj" />
    <Project Path="src/Forum.Domain/Forum.Domain.csproj" />
    <Project Path="src/Forum.Infrastructure/Forum.Infrastructure.csproj" />
  </Folder>
</Solution>
